PODS:
  - GoogleMaps (3.1.0):
    - GoogleMaps/Maps (= 3.1.0)
  - GoogleMaps/Base (3.1.0)
  - GoogleMaps/Maps (3.1.0):
    - GoogleMaps/Base
  - GooglePlaces (3.1.0):
    - GoogleMaps/Base (= 3.1.0)
  - SwiftMessages (5.0.0):
    - SwiftMessages/App (= 5.0.0)
  - SwiftMessages/App (5.0.0)

DEPENDENCIES:
  - GoogleMaps
  - GooglePlaces
  - SwiftMessages (= 5.0.0)

SPEC REPOS:
  https://github.com/cocoapods/specs.git:
    - GoogleMaps
    - GooglePlaces
    - SwiftMessages

SPEC CHECKSUMS:
  GoogleMaps: 5c13302e6fe6bb6e686b267196586b91cd594225
  GooglePlaces: e874db179f2675c4f3eeda0b686b540273a578b0
  SwiftMessages: 342d312bf8d5ac11141285c8fec6308380df7f72

PODFILE CHECKSUM: b9736a37f830a0c7bacd0577c30678740a93693e

COCOAPODS: 1.6.1
